
Microsoft Visual Studio Solution File, Format Version 12.00
# Visual Studio 14
VisualStudioVersion = 14.0.25420.1
MinimumVisualStudioVersion = 10.0.40219.1
Project("{2150E333-8FDC-42A3-9474-1A3956D46DE8}") = "src", "src", "{7517F8AD-8ECC-4254-BD13-862ABF58BAC2}"
EndProject
Project("{2150E333-8FDC-42A3-9474-1A3956D46DE8}") = "Solution Items", "Solution Items", "{20BF811C-8174-49A2-8C79-D6FD279A365F}"
	ProjectSection(SolutionItems) = preProject
		global.json = global.json
	EndProjectSection
EndProject
Project("{8BB2217D-0F2D-49D1-97BC-3654ED321F3B}") = "testvsdock", "src\testvsdock\testvsdock.xproj", "{078F2EA0-737D-4889-B76F-4E0CACBFE1C4}"
EndProject
Global
	GlobalSection(SolutionConfigurationPlatforms) = preSolution
		Debug|Any CPU = Debug|Any CPU
		Release|Any CPU = Release|Any CPU
	EndGlobalSection
	GlobalSection(ProjectConfigurationPlatforms) = postSolution
		{078F2EA0-737D-4889-B76F-4E0CACBFE1C4}.Debug|Any CPU.ActiveCfg = Debug|Any CPU
		{078F2EA0-737D-4889-B76F-4E0CACBFE1C4}.Debug|Any CPU.Build.0 = Debug|Any CPU
		{078F2EA0-737D-4889-B76F-4E0CACBFE1C4}.Release|Any CPU.ActiveCfg = Release|Any CPU
		{078F2EA0-737D-4889-B76F-4E0CACBFE1C4}.Release|Any CPU.Build.0 = Release|Any CPU
	EndGlobalSection
	GlobalSection(SolutionProperties) = preSolution
		HideSolutionNode = FALSE
	EndGlobalSection
	GlobalSection(NestedProjects) = preSolution
		{078F2EA0-737D-4889-B76F-4E0CACBFE1C4} = {7517F8AD-8ECC-4254-BD13-862ABF58BAC2}
	EndGlobalSection
EndGlobal
